
Microsoft Visual Studio Solution File, Format Version 12.00
# Visual Studio Version 16
VisualStudioVersion = 16.0.30907.101
MinimumVisualStudioVersion = 10.0.40219.1
Project("{FAE04EC0-301F-11D3-BF4B-00C04F79EFBC}") = "ClasesYMetodos", "ClasesYMetodos\ClasesYMetodos.csproj", "{682D1D8F-A05B-4163-AC27-E4C80E1096DF}"
EndProject
Global
	GlobalSection(SolutionConfigurationPlatforms) = preSolution
		Debug|Any CPU = Debug|Any CPU
		Release|Any CPU = Release|Any CPU
	EndGlobalSection
	GlobalSection(ProjectConfigurationPlatforms) = postSolution
		{682D1D8F-A05B-4163-AC27-E4C80E1096DF}.Debug|Any CPU.ActiveCfg = Debug|Any CPU
		{682D1D8F-A05B-4163-AC27-E4C80E1096DF}.Debug|Any CPU.Build.0 = Debug|Any CPU
		{682D1D8F-A05B-4163-AC27-E4C80E1096DF}.Release|Any CPU.ActiveCfg = Release|Any CPU
		{682D1D8F-A05B-4163-AC27-E4C80E1096DF}.Release|Any CPU.Build.0 = Release|Any CPU
	EndGlobalSection
	GlobalSection(SolutionProperties) = preSolution
		HideSolutionNode = FALSE
	EndGlobalSection
	GlobalSection(ExtensibilityGlobals) = postSolution
		SolutionGuid = {EE4D7683-70A0-409F-ABAF-4BF98D06B1A7}
	EndGlobalSection
EndGlobal
